
Microsoft Visual Studio Solution File, Format Version 12.00
# Visual Studio 15
VisualStudioVersion = 15.0.28010.2016
MinimumVisualStudioVersion = 10.0.40219.1
Project("{FAE04EC0-301F-11D3-BF4B-00C04F79EFBC}") = "tieto-entry", "tieto-entry\tieto-entry.csproj", "{DFFE67E7-8A43-4EE4-957A-D21E5FF3ED2D}"
EndProject
Global
	GlobalSection(SolutionConfigurationPlatforms) = preSolution
		Debug|Any CPU = Debug|Any CPU
		Release|Any CPU = Release|Any CPU
	EndGlobalSection
	GlobalSection(ProjectConfigurationPlatforms) = postSolution
		{DFFE67E7-8A43-4EE4-957A-D21E5FF3ED2D}.Debug|Any CPU.ActiveCfg = Debug|Any CPU
		{DFFE67E7-8A43-4EE4-957A-D21E5FF3ED2D}.Debug|Any CPU.Build.0 = Debug|Any CPU
		{DFFE67E7-8A43-4EE4-957A-D21E5FF3ED2D}.Release|Any CPU.ActiveCfg = Release|Any CPU
		{DFFE67E7-8A43-4EE4-957A-D21E5FF3ED2D}.Release|Any CPU.Build.0 = Release|Any CPU
	EndGlobalSection
	GlobalSection(SolutionProperties) = preSolution
		HideSolutionNode = FALSE
	EndGlobalSection
	GlobalSection(ExtensibilityGlobals) = postSolution
		SolutionGuid = {44CA8448-AFCE-400C-AD02-07BB61D7FEB9}
	EndGlobalSection
EndGlobal
